
Microsoft Visual Studio Solution File, Format Version 12.00
# Visual Studio Version 17
VisualStudioVersion = 17.12.35728.132 d17.12
MinimumVisualStudioVersion = 10.0.40219.1
Project("{FAE04EC0-301F-11D3-BF4B-00C04F79EFBC}") = "DotNetSonarLens", "DotNetSonarLens\DotNetSonarLens.csproj", "{3AB3A3E2-5B58-4F96-A924-E5952F4E8252}"
EndProject
Global
	GlobalSection(SolutionConfigurationPlatforms) = preSolution
		Debug|Any CPU = Debug|Any CPU
		Release|Any CPU = Release|Any CPU
	EndGlobalSection
	GlobalSection(ProjectConfigurationPlatforms) = postSolution
		{3AB3A3E2-5B58-4F96-A924-E5952F4E8252}.Debug|Any CPU.ActiveCfg = Debug|Any CPU
		{3AB3A3E2-5B58-4F96-A924-E5952F4E8252}.Debug|Any CPU.Build.0 = Debug|Any CPU
		{3AB3A3E2-5B58-4F96-A924-E5952F4E8252}.Release|Any CPU.ActiveCfg = Release|Any CPU
		{3AB3A3E2-5B58-4F96-A924-E5952F4E8252}.Release|Any CPU.Build.0 = Release|Any CPU
	EndGlobalSection
	GlobalSection(SolutionProperties) = preSolution
		HideSolutionNode = FALSE
	EndGlobalSection
EndGlobal
